
Microsoft Visual Studio Solution File, Format Version 12.00
Project("{FAE04EC0-301F-11D3-BF4B-00C04F79EFBC}") = "Pmg", "Pmg\Pmg.csproj", "{A0B827AF-2DF0-4757-8147-2907D850CB0F}"
EndProject
Global
	GlobalSection(SolutionConfigurationPlatforms) = preSolution
		Debug|Any CPU = Debug|Any CPU
		Release|Any CPU = Release|Any CPU
	EndGlobalSection
	GlobalSection(ProjectConfigurationPlatforms) = postSolution
		{A0B827AF-2DF0-4757-8147-2907D850CB0F}.Debug|Any CPU.ActiveCfg = Debug|Any CPU
		{A0B827AF-2DF0-4757-8147-2907D850CB0F}.Debug|Any CPU.Build.0 = Debug|Any CPU
		{A0B827AF-2DF0-4757-8147-2907D850CB0F}.Release|Any CPU.ActiveCfg = Release|Any CPU
		{A0B827AF-2DF0-4757-8147-2907D850CB0F}.Release|Any CPU.Build.0 = Release|Any CPU
	EndGlobalSection
EndGlobal
